
Microsoft Visual Studio Solution File, Format Version 12.00
# Visual Studio Version 16
VisualStudioVersion = 16.0.31727.386
MinimumVisualStudioVersion = 10.0.40219.1
Project("{FAE04EC0-301F-11D3-BF4B-00C04F79EFBC}") = "UCP_PAW_023_A", "UCP_PAW_023_A\UCP_PAW_023_A.csproj", "{1E00512F-3514-4E5A-B5E1-39ED4A9E7024}"
EndProject
Global
	GlobalSection(SolutionConfigurationPlatforms) = preSolution
		Debug|Any CPU = Debug|Any CPU
		Release|Any CPU = Release|Any CPU
	EndGlobalSection
	GlobalSection(ProjectConfigurationPlatforms) = postSolution
		{1E00512F-3514-4E5A-B5E1-39ED4A9E7024}.Debug|Any CPU.ActiveCfg = Debug|Any CPU
		{1E00512F-3514-4E5A-B5E1-39ED4A9E7024}.Debug|Any CPU.Build.0 = Debug|Any CPU
		{1E00512F-3514-4E5A-B5E1-39ED4A9E7024}.Release|Any CPU.ActiveCfg = Release|Any CPU
		{1E00512F-3514-4E5A-B5E1-39ED4A9E7024}.Release|Any CPU.Build.0 = Release|Any CPU
	EndGlobalSection
	GlobalSection(SolutionProperties) = preSolution
		HideSolutionNode = FALSE
	EndGlobalSection
	GlobalSection(ExtensibilityGlobals) = postSolution
		SolutionGuid = {201D6A81-C97F-44CC-BDA8-29E195DE5BF6}
	EndGlobalSection
EndGlobal
